
Microsoft Visual Studio Solution File, Format Version 12.00
# Visual Studio 15
VisualStudioVersion = 15.0.27130.2010
MinimumVisualStudioVersion = 10.0.40219.1
Project("{FAE04EC0-301F-11D3-BF4B-00C04F79EFBC}") = "SchoolApplication", "SchoolApplication\SchoolApplication.csproj", "{1ACA4C6D-8716-44FC-95D2-536C0EA4BABF}"
EndProject
Project("{FAE04EC0-301F-11D3-BF4B-00C04F79EFBC}") = "SchoolApplication.Data", "SchoolApplication.Data\SchoolApplication.Data.csproj", "{2BD10A75-CA78-46D6-923F-6FD29420FFB4}"
EndProject
Project("{FAE04EC0-301F-11D3-BF4B-00C04F79EFBC}") = "SchoolApplication.Service", "SchoolApplication.Service\SchoolApplication.Service.csproj", "{42C429BD-0939-4220-9463-9F23AE1A7F63}"
EndProject
Global
	GlobalSection(SolutionConfigurationPlatforms) = preSolution
		Debug|Any CPU = Debug|Any CPU
		Release|Any CPU = Release|Any CPU
	EndGlobalSection
	GlobalSection(ProjectConfigurationPlatforms) = postSolution
		{1ACA4C6D-8716-44FC-95D2-536C0EA4BABF}.Debug|Any CPU.ActiveCfg = Debug|Any CPU
		{1ACA4C6D-8716-44FC-95D2-536C0EA4BABF}.Debug|Any CPU.Build.0 = Debug|Any CPU
		{1ACA4C6D-8716-44FC-95D2-536C0EA4BABF}.Release|Any CPU.ActiveCfg = Release|Any CPU
		{1ACA4C6D-8716-44FC-95D2-536C0EA4BABF}.Release|Any CPU.Build.0 = Release|Any CPU
		{2BD10A75-CA78-46D6-923F-6FD29420FFB4}.Debug|Any CPU.ActiveCfg = Debug|Any CPU
		{2BD10A75-CA78-46D6-923F-6FD29420FFB4}.Debug|Any CPU.Build.0 = Debug|Any CPU
		{2BD10A75-CA78-46D6-923F-6FD29420FFB4}.Release|Any CPU.ActiveCfg = Release|Any CPU
		{2BD10A75-CA78-46D6-923F-6FD29420FFB4}.Release|Any CPU.Build.0 = Release|Any CPU
		{42C429BD-0939-4220-9463-9F23AE1A7F63}.Debug|Any CPU.ActiveCfg = Debug|Any CPU
		{42C429BD-0939-4220-9463-9F23AE1A7F63}.Debug|Any CPU.Build.0 = Debug|Any CPU
		{42C429BD-0939-4220-9463-9F23AE1A7F63}.Release|Any CPU.ActiveCfg = Release|Any CPU
		{42C429BD-0939-4220-9463-9F23AE1A7F63}.Release|Any CPU.Build.0 = Release|Any CPU
	EndGlobalSection
	GlobalSection(SolutionProperties) = preSolution
		HideSolutionNode = FALSE
	EndGlobalSection
	GlobalSection(ExtensibilityGlobals) = postSolution
		SolutionGuid = {363BBD5D-E64B-4C97-82C1-D3E123B52080}
	EndGlobalSection
EndGlobal
